
Microsoft Visual Studio Solution File, Format Version 12.00
# Visual Studio Version 17
VisualStudioVersion = 17.11.35219.272
MinimumVisualStudioVersion = 10.0.40219.1
Project("{FAE04EC0-301F-11D3-BF4B-00C04F79EFBC}") = "NET.DZ11", "NET.DZ11\NET.DZ11.csproj", "{6E75BCF3-6745-48B5-BD1A-1BE067A1C201}"
EndProject
Global
	GlobalSection(SolutionConfigurationPlatforms) = preSolution
		Debug|Any CPU = Debug|Any CPU
		Release|Any CPU = Release|Any CPU
	EndGlobalSection
	GlobalSection(ProjectConfigurationPlatforms) = postSolution
		{6E75BCF3-6745-48B5-BD1A-1BE067A1C201}.Debug|Any CPU.ActiveCfg = Debug|Any CPU
		{6E75BCF3-6745-48B5-BD1A-1BE067A1C201}.Debug|Any CPU.Build.0 = Debug|Any CPU
		{6E75BCF3-6745-48B5-BD1A-1BE067A1C201}.Release|Any CPU.ActiveCfg = Release|Any CPU
		{6E75BCF3-6745-48B5-BD1A-1BE067A1C201}.Release|Any CPU.Build.0 = Release|Any CPU
	EndGlobalSection
	GlobalSection(SolutionProperties) = preSolution
		HideSolutionNode = FALSE
	EndGlobalSection
	GlobalSection(ExtensibilityGlobals) = postSolution
		SolutionGuid = {073A978E-D027-4F48-8014-6E21CF6BFC45}
	EndGlobalSection
EndGlobal
